version = 1
revision = 3
requires-python = ">=3.12"

[[package]]
name = "compare-faker-sqlalchemy"
version = "0.1.0"
source = { virtual = "." }
dependencies = [
    { name = "faker-sqlalchemy" },
    { name = "sqlalchemy" },
]

[package.metadata]
requires-dist = [
    { name = "faker-sqlalchemy", specifier = "==0.10.2208140" },
    { name = "sqlalchemy", specifier = "==1.4.54" },
]

[[package]]
name = "faker"
version = "40.39.0"
source = { registry = "https://pypi.org/simple" }
dependencies = [
    { name = "tzdata", marker = "sys_platform == 'win32'" },
]
sdist = { url = "https://files.pythonhosted.org/packages/6d/62/fea935af7a312f073c99d470b05a7c96650ee8d9562ce82e8cb7ee4c1247/faker-40.39.0.tar.gz", hash = "sha256:52799ad96fcf92aab2fc96a9e03869bbf1a634300f7cd91c38dbfd51f639f6fa", size = 2029463, upload-time = "2026-09-14T16:50:17.939Z" }
wheels = [
    { url = "https://files.pythonhosted.org/packages/45/c8/901282279841ebb59216433be01aac825fb905e1a597de3b7b5ab8b0c43e/faker-40.39.0-py3-none-any.whl", hash = "sha256:c4c7ec2cddfaf602c5a8a2c960614946aa8c161250bd9d49a8846cd24d1ef028", size = 2066232, upload-time = "2026-09-14T16:50:16.061Z" },
]

[[package]]
name = "faker-sqlalchemy"
version = "0.10.2208140"
source = { registry = "https://pypi.org/simple" }
dependencies = [
    { name = "faker" },
    { name = "sqlalchemy" },
]
sdist = { url = "https://files.pythonhosted.org/packages/80/ec/37b89e92ceda518fbbda094c3403df6fd4ebdd11dadaf5d4e0ef29372062/faker_sqlalchemy-0.10.2208140.tar.gz", hash = "sha256:39af1d77f83f71753b4cccd16c2404ddaba9300b699f36794609ffde85c0c176", size = 11844, upload-time = "2022-08-14T18:11:53.358Z" }
wheels = [
    { url = "https://files.pythonhosted.org/packages/1e/c6/fbc5522ccbf8d287e6bbb5ba286ec4cb855f72c85d984605ca6f1a85bda6/faker_sqlalchemy-0.10.2208140-py3-none-any.whl", hash = "sha256:e00adda7bbdda38cd6a8406a8cb8b3e905bdf3b7ab5dd7891fe1ad3f762cfb4c", size = 6178, upload-time = "2022-08-14T18:11:51.415Z" },
]

[[package]]
name = "greenlet"
version = "3.5.6"
source = { registry = "https://pypi.org/simple" }
sdist = { url = "https://files.pythonhosted.org/packages/3e/6e/0091f175ccd02b02bc8811bbcbcc6ac2e980be116e3b2f7a736ca322bf84/greenlet-3.5.6.tar.gz", hash = "sha256:8e67c43bdfc88d5fee6db0d3e40175b362fc95fb85f0412d233b9b203c53a575", size = 207653, upload-time = "2026-09-14T15:42:51.806Z" }
wheels = [
    { url = "https://files.pythonhosted.org/packages/72/18/3fc6d951466ae9a2a688edcddde3b2e388da0a8244e0caf7117bbeb0eb95/greenlet-3.5.6-cp312-cp312-macosx_11_0_universal2.whl", hash = "sha256:a5876d0a60355af98d535c47f6cd6eb0f8a432396dab26845d380b92f8412422", size = 295668, upload-time = "2026-09-14T14:22:33.241Z" },
    { url = "https://files.pythonhosted.org/packages/27/89/366d2af5061eeefa5012f510d95a99c8620dcc457609838db4d538820318/greenlet-3.5.6-cp312-cp312-manylinux_2_24_aarch64.manylinux_2_28_aarch64.whl", hash = "sha256:e85880b538e59a59f55117b81f208a6660ad5ac328aad9305f812d9b8bc67a0f", size = 611700, upload-time = "2026-09-14T15:12:01.962Z" },
    { url = "https://files.pythonhosted.org/packages/54/1c/07f133f865fd58ae593dd2bbec3144acaee9b04ffe2eb48c6e121747ceef/greenlet-3.5.6-cp312-cp312-manylinux_2_24_ppc64le.manylinux_2_28_ppc64le.whl", hash = "sha256:f0ba7c2a329d650628f4c8572fd1db29f0a59dd70a3e3e0710dcf18a35cce9d8", size = 624223, upload-time = "2026-09-14T15:20:42.459Z" },
    { url = "https://files.pythonhosted.org/packages/66/6a/1594f3869c57c149abdb380492529e04d4c0229b5e4d79572c5bd0aaa673/greenlet-3.5.6-cp312-cp312-manylinux_2_24_x86_64.manylinux_2_28_x86_64.whl", hash = "sha256:975736b002ed080d124cf81a79cb7e05cb26d6b3f5c7a7b651c0fcce70353aa1", size = 621404, upload-time = "2026-09-14T14:35:59.027Z" },
    { url = "https://files.pythonhosted.org/packages/a2/f5/33e5c9e48178b9259fd000f8f45caa4a65036f65d3d0c06a602f570f025d/greenlet-3.5.6-cp312-cp312-musllinux_1_2_aarch64.whl", hash = "sha256:0616b8f878098c5681fd8f0dc92d887551717402342a70f0abcbfea5f5ad8a44", size = 1584998, upload-time = "2026-09-14T15:10:06.653Z" },
    { url = "https://files.pythonhosted.org/packages/ef/31/9b4e140bc24d0ad7927ebd651f5608b0acc2334d061748c3b6ad19085cfa/greenlet-3.5.6-cp312-cp312-musllinux_1_2_x86_64.whl", hash = "sha256:3dbb4596a6a4e5d47121a33ff20533a81e60f302d9e67b69909a8bc21a43f0a7", size = 1647568, upload-time = "2026-09-14T14:35:49.787Z" },
    { url = "https://files.pythonhosted.org/packages/c3/71/d79f1791f824f8ff15c2978746640467ae932a2365e0201069f7f272395f/greenlet-3.5.6-cp312-cp312-win_amd64.whl", hash = "sha256:7ac4abb3877c43af320392c664774eef6fa2cc063c79a55fc02d844a3cbe7395", size = 324203, upload-time = "2026-09-14T14:22:54.504Z" },
    { url = "https://files.pythonhosted.org/packages/63/af/42aca4d56e8cb321912203069d8d34734cb288222f10ad2ae102718cc577/greenlet-3.5.6-cp312-cp312-win_arm64.whl", hash = "sha256:301102a49120b095e72a7838792b41233975fc1c155daec6d98f81c00c9280e0", size = 308310, upload-time = "2026-09-14T14:24:03.008Z" },
    { url = "https://files.pythonhosted.org/packages/f1/a1/e720a38852366c589e1a46cf570b886507ad2cf591050c203365638baab0/greenlet-3.5.6-cp313-cp313-macosx_11_0_universal2.whl", hash = "sha256:f96f0e30b5a95c7631b12bfe214cbc90ec8fe8cfa36920596c10514a65743519", size = 294627, upload-time = "2026-09-14T14:24:40.102Z" },
    { url = "https://files.pythonhosted.org/packages/eb/c3/58187858df41354a11e6a55b421e7af9059798abdab3a384cc51b8567c38/greenlet-3.5.6-cp313-cp313-manylinux_2_24_aarch64.manylinux_2_28_aarch64.whl", hash = "sha256:c75116c9de79949de23006e2d9b35ee82874c594fcf5c0311b439acaa14b8441", size = 614356, upload-time = "2026-09-14T15:12:03.399Z" },
    { url = "https://files.pythonhosted.org/packages/ce/b9/3a7e67d5f05c9760b1ad411fa52264bd69cc08e22a2ebfb4018b90628ced/greenlet-3.5.6-cp313-cp313-manylinux_2_24_ppc64le.manylinux_2_28_ppc64le.whl", hash = "sha256:cad5782f93f7f738b62c6527b6f32a60694d924029f299a8b524758cfa53d815", size = 626756, upload-time = "2026-09-14T15:20:44.269Z" },
    { url = "https://files.pythonhosted.org/packages/85/cb/ab0c123c514ed4e94c0dc9ee2e86362633e6b998cfc05de7fc9ac2eb9690/greenlet-3.5.6-cp313-cp313-manylinux_2_24_x86_64.manylinux_2_28_x86_64.whl", hash = "sha256:f98e8215e172f567ce80eeaed9107fb4d32b6c44f26983d9b8334658136a205a", size = 623779, upload-time = "2026-09-14T14:36:01.104Z" },
    { url = "https://files.pythonhosted.org/packages/a5/26/fda8a5a06e7073333ccb038133c5893b9e0c4fe29d5992a17e83c241bc6e/greenlet-3.5.6-cp313-cp313-musllinux_1_2_aarch64.whl", hash = "sha256:df19e2d0b1620039af5102563fbd96e8938c7f5c3f5828528d641d9fc585525e", size = 1584930, upload-time = "2026-09-14T15:10:08.234Z" },
    { url = "https://files.pythonhosted.org/packages/2f/37/50f8813163148d6234e08b23dcad6a9e37f01d148c8ec976e4c44ea2d918/greenlet-3.5.6-cp313-cp313-musllinux_1_2_x86_64.whl", hash = "sha256:06c0e933290fba8ffe53ead4ae1b8044b0e9754b75cebf381aa2bc3e50d82fac", size = 1647590, upload-time = "2026-09-14T14:35:51.173Z" },
    { url = "https://files.pythonhosted.org/packages/86/da/b7669b09586365654083a62bd0724cf06cb74bd5085a15cdd161271f992f/greenlet-3.5.6-cp313-cp313-win_amd64.whl", hash = "sha256:5b602b4201b965a8354d74e232364a66ff243dd142e350d035f46169bb36e13d", size = 324086, upload-time = "2026-09-14T14:23:48.428Z" },
    { url = "https://files.pythonhosted.org/packages/e5/5d/c9663cfe84a2a9e0aa96f066f5b0594c227ea4c647511e087e2e11d4ac0a/greenlet-3.5.6-cp313-cp313-win_arm64.whl", hash = "sha256:876077e7ebb8c84ed068e2b23d4c62ebb010d60df84b9591af1be2f39010ffb2", size = 308211, upload-time = "2026-09-14T14:28:01.634Z" },
    { url = "https://files.pythonhosted.org/packages/66/c0/d254544ae2b8bdd311aef000fafc02828c2771b17d994b3075620ea7cc6e/greenlet-3.5.6-cp314-cp314-macosx_11_0_universal2.whl", hash = "sha256:8cddea1b8339451c2fb3388e138347b6126744f33b611bdb55b7357361cfef46", size = 295221, upload-time = "2026-09-14T14:25:11.583Z" },
    { url = "https://files.pythonhosted.org/packages/18/18/eb54be16b9cc3971e09ca5b73334e1b8c804a4630d9addaaf218a4fe300f/greenlet-3.5.6-cp314-cp314-manylinux_2_24_aarch64.manylinux_2_28_aarch64.whl", hash = "sha256:c59acfa8eb73a1e0d484392dc002bdf001fd4ce73394e0132df3d1ab6093d7cb", size = 660992, upload-time = "2026-09-14T15:12:04.876Z" },
    { url = "https://files.pythonhosted.org/packages/8f/b4/e193efe65671dcf294bc51fcc59efb52d154adf8612c4ea016da0d2c486c/greenlet-3.5.6-cp314-cp314-manylinux_2_24_ppc64le.manylinux_2_28_ppc64le.whl", hash = "sha256:a3b4a01c6da07ef9f80d4fe8933b994bc99747bcea3eab0330a9c34d3c12655b", size = 673428, upload-time = "2026-09-14T15:20:45.756Z" },
    { url = "https://files.pythonhosted.org/packages/45/ac/28fa7a9e50f2859466214c4ac584d776db52c1604ad4dd158960a5af2a1f/greenlet-3.5.6-cp314-cp314-manylinux_2_24_x86_64.manylinux_2_28_x86_64.whl", hash = "sha256:9a09d59bef1db94f384b5bcc2d523694d338f3df6b757aeeaf7baca5d0c0be88", size = 670773, upload-time = "2026-09-14T14:36:02.577Z" },
    { url = "https://files.pythonhosted.org/packages/c3/cd/fb7d6cdd86ff3427c1494854f0e35437eba05142be91f530f6da75e09e19/greenlet-3.5.6-cp314-cp314-musllinux_1_2_aarch64.whl", hash = "sha256:8b7c73d1cef3d9ae963e9ff03f6222df43efbb9054ffd2f1969c935b7fc84c02", size = 1631900, upload-time = "2026-09-14T15:10:09.745Z" },
    { url = "https://files.pythonhosted.org/packages/f6/40/143bdbb20a516628cb15074ae52ed17d850b450292609c7a6fccac6dbece/greenlet-3.5.6-cp314-cp314-musllinux_1_2_x86_64.whl", hash = "sha256:8b27df301f56e3b3d2298095c8f7d6b68f2521f6b1693e901fa039bdbae34424", size = 1693740, upload-time = "2026-09-14T14:35:52.959Z" },
    { url = "https://files.pythonhosted.org/packages/c9/9e/019642432e6ae283301df1361227d47610709d2dc69a38f95edef266d713/greenlet-3.5.6-cp314-cp314-win_amd64.whl", hash = "sha256:f8f0bd690e1a41294ac87905e8121c81a3761ec2583c768f13467428606c8c7a", size = 327473, upload-time = "2026-09-14T14:28:12.948Z" },
    { url = "https://files.pythonhosted.org/packages/e9/7f/8aafc7bf70c948786dba7221d0dc0838e5329bebc6d434ef2208b4f0e760/greenlet-3.5.6-cp314-cp314-win_arm64.whl", hash = "sha256:8cda13494d86a4f12429641117cb6ac4bbbc9c30a33f711f7d3a2e5fbe4b0b7e", size = 311095, upload-time = "2026-09-14T14:28:00.7Z" },
    { url = "https://files.pythonhosted.org/packages/14/7e/7a205688a5b3074933b18a906608d46d106e9a79d776bdab5a4abf4b4feb/greenlet-3.5.6-cp314-cp314t-macosx_11_0_universal2.whl", hash = "sha256:97c5a53e8c1754df58e73f047a99e287d4da1bdfe64b0072fb25c87000897951", size = 305352, upload-time = "2026-09-14T14:21:31.962Z" },
    { url = "https://files.pythonhosted.org/packages/78/cb/9c4a57a9d9dd0256e20b8f7f4f06554c2c92badebf0ab73ce344321b78b9/greenlet-3.5.6-cp314-cp314t-manylinux_2_24_aarch64.manylinux_2_28_aarch64.whl", hash = "sha256:fea4427d1ffdb3b523d7daa6712038428a4c16c450b9777bdd1221cfee0eab49", size = 672671, upload-time = "2026-09-14T15:12:06.347Z" },
    { url = "https://files.pythonhosted.org/packages/97/52/c6729681ebbd298f4decd28746815acc8a0b0a0fde21d2df33776fd4d042/greenlet-3.5.6-cp314-cp314t-manylinux_2_24_ppc64le.manylinux_2_28_ppc64le.whl", hash = "sha256:73a29b5ba642e35433166a03a3e02935e7238c4b3467fbd77523b99edea23e5b", size = 679489, upload-time = "2026-09-14T15:20:47.291Z" },
    { url = "https://files.pythonhosted.org/packages/58/c5/2b6c721ba8b8963da42d5a0f57f25b8aaeb1fe9bdd156875e57f3be648a2/greenlet-3.5.6-cp314-cp314t-manylinux_2_24_x86_64.manylinux_2_28_x86_64.whl", hash = "sha256:460e70b033aba8ed47e2ac9b5d0d2157b05a34fbfa30a241400aef4118902cdc", size = 676608, upload-time = "2026-09-14T14:36:03.959Z" },
    { url = "https://files.pythonhosted.org/packages/b2/04/0d018e0d05bcdde19a0fcb907834155f1fc853a9bedd3f3f5e6acadcae19/greenlet-3.5.6-cp314-cp314t-musllinux_1_2_aarch64.whl", hash = "sha256:ca80a49b53ed1d22f7282da7255f7bb2fd1935fd0f623d8613fda38745f18961", size = 1641479, upload-time = "2026-09-14T15:10:11.216Z" },
    { url = "https://files.pythonhosted.org/packages/59/bb/f02ef9073919158f6403fe3701d4ed4403d646720e7201dfc6e9d264bac3/greenlet-3.5.6-cp314-cp314t-musllinux_1_2_x86_64.whl", hash = "sha256:916f92f2a8db10508f739d0b5e00b83defe5d1115a997c54532a6d7cf8c95404", size = 1698758, upload-time = "2026-09-14T14:35:54.336Z" },
    { url = "https://files.pythonhosted.org/packages/08/a5/1f48fe647473a2dcccfd1839b2ff2c78eb57009be776b4da071e901c9bff/greenlet-3.5.6-cp314-cp314t-win_amd64.whl", hash = "sha256:886bcf1870af74c32bc310fd00a6b803445e17e51b7d5a107c7b35c0f362cc16", size = 331574, upload-time = "2026-09-14T14:27:18.451Z" },
    { url = "https://files.pythonhosted.org/packages/cd/72/3882855a75838faeb54a58aeef4fd77d20b2a86d4bad570c70d41b565dcf/greenlet-3.5.6-cp315-cp315-macosx_11_0_universal2.whl", hash = "sha256:3ac3494c381dab876cad7d0b22f3a722f3e0c8deb3a65b9e7f35ad7f58b8fcb3", size = 295926, upload-time = "2026-09-14T14:27:21.16Z" },
    { url = "https://files.pythonhosted.org/packages/10/1f/be4d957d8a9b90bcbe8db206548a42134d96222d43e5ed3fc4708fb6e24b/greenlet-3.5.6-cp315-cp315-manylinux_2_24_aarch64.manylinux_2_28_aarch64.whl", hash = "sha256:602024dae6d77e161f4b89491b62ca1d4f19949d79d47b2db057e476d21179d6", size = 666910, upload-time = "2026-09-14T15:12:07.901Z" },
    { url = "https://files.pythonhosted.org/packages/a1/af/60d62571a7d6de961e4ce7625d6c2faf359345659fc782d2cdf517c34577/greenlet-3.5.6-cp315-cp315-manylinux_2_24_ppc64le.manylinux_2_28_ppc64le.whl", hash = "sha256:f8e63209c3e1e828ee6a457529b4a6d8b05d050fe0ae03a7ae49e967c5d312e0", size = 677415, upload-time = "2026-09-14T15:20:48.817Z" },
    { url = "https://files.pythonhosted.org/packages/fb/16/ac9e547b611539aaed1870eb1d6ddc57abdd5924b3a99bb9b5f0b44176b8/greenlet-3.5.6-cp315-cp315-manylinux_2_24_x86_64.manylinux_2_28_x86_64.whl", hash = "sha256:ccadce0130fd813ec86ebfe969a6c58b42acc1d0fe55a47525375b740e07b605", size = 675927, upload-time = "2026-09-14T14:36:05.34Z" },
    { url = "https://files.pythonhosted.org/packages/c4/b1/b7ba08d6431121741f1d30be0d5d292e76873325179a63586cd9217b62f6/greenlet-3.5.6-cp315-cp315-musllinux_1_2_aarch64.whl", hash = "sha256:9297fb9c39b9a2c039dbcd306c410bd6906b95244dec3bba4318d36c718c164c", size = 1637236, upload-time = "2026-09-14T15:10:12.442Z" },
    { url = "https://files.pythonhosted.org/packages/af/c5/3b1cbc68f0c082022fc8717f7fe4b8b13b8d583c52352be37f4e9f55bcd2/greenlet-3.5.6-cp315-cp315-musllinux_1_2_x86_64.whl", hash = "sha256:b374e79ffa7511afc11773aef40a4ccea6191fba1c856ea2f9c56738dca69d7a", size = 1698526, upload-time = "2026-09-14T14:35:56.039Z" },
    { url = "https://files.pythonhosted.org/packages/de/56/12941ed2711400451c89d544e10f831800a2770f19dd55eac8f0f7f2003b/greenlet-3.5.6-cp315-cp315-win_amd64.whl", hash = "sha256:7969bffa322c097bd46ae595ada6a931cefda613f18ba64587e9cff4cb320756", size = 327739, upload-time = "2026-09-14T14:23:55.768Z" },
    { url = "https://files.pythonhosted.org/packages/c5/3b/576b9ed5ac929252e340cf60b4bcb6a8515350dc20797064b1922dc4ea75/greenlet-3.5.6-cp315-cp315-win_arm64.whl", hash = "sha256:8dba0129b93e7091dfefaf4cf7000172741bff7f47bf6326fcf17f32fbb54d6b", size = 311715, upload-time = "2026-09-14T14:28:25.154Z" },
    { url = "https://files.pythonhosted.org/packages/16/c2/86cfc5555a98e12b86966ddbd24fd39af32f71f2f785c6595b7feb2db156/greenlet-3.5.6-cp315-cp315t-macosx_11_0_universal2.whl", hash = "sha256:de3de000d459402cda015068fd135aa50c0bf6f2477a80d4da1e646f123b4e78", size = 306244, upload-time = "2026-09-14T14:27:57.565Z" },
    { url = "https://files.pythonhosted.org/packages/14/6d/83ffc9d05a75a80ab3a7595dbb1d9604e5d4fc2996d73a8ae2dbd1284900/greenlet-3.5.6-cp315-cp315t-manylinux_2_24_aarch64.manylinux_2_28_aarch64.whl", hash = "sha256:45663c01a4de48b9a64a2ee1509d92d1dfd3afb02b2ccfc9333029d11aef996a", size = 676578, upload-time = "2026-09-14T15:12:09.468Z" },
    { url = "https://files.pythonhosted.org/packages/5d/d6/c2cf684810e5caded075970aaadea654ecb58b8382b9aecf1d231b936894/greenlet-3.5.6-cp315-cp315t-manylinux_2_24_ppc64le.manylinux_2_28_ppc64le.whl", hash = "sha256:3deccbb57a481e3a408fe61cdfd5c13e0678fc0a30fdd09597917ca87b4be877", size = 684203, upload-time = "2026-09-14T15:20:50.261Z" },
    { url = "https://files.pythonhosted.org/packages/62/19/00e1bee5d2af890dc8f400b54d0b0f9b489965f92bc12b407ff72cc6f469/greenlet-3.5.6-cp315-cp315t-manylinux_2_24_x86_64.manylinux_2_28_x86_64.whl", hash = "sha256:311018b46472fb26ee85870847fb89eb64cc8aaddb617400789d87076f7cfeec", size = 681253, upload-time = "2026-09-14T14:36:06.742Z" },
    { url = "https://files.pythonhosted.org/packages/89/58/c9275fd0ca195d1d3402931bcce8cfcc74726ff76efb1883d229e6e1a3d7/greenlet-3.5.6-cp315-cp315t-musllinux_1_2_aarch64.whl", hash = "sha256:7f924a5a9d5890649566f2f6682e0d8ad8ca23028bacffbbac36dbd7fd680176", size = 1645988, upload-time = "2026-09-14T15:10:13.758Z" },
    { url = "https://files.pythonhosted.org/packages/e0/36/b35747582fa4f1a5453f8f3002405dbac788e450cec7674dc2d204b6ccb5/greenlet-3.5.6-cp315-cp315t-musllinux_1_2_x86_64.whl", hash = "sha256:de9923832f2d8c1a5ecd8d7260465a6ca5a86888a0d129e3bd5cf0406d2fc5bf", size = 1702383, upload-time = "2026-09-14T14:35:58.143Z" },
    { url = "https://files.pythonhosted.org/packages/ed/69/6ec22ac9351e474d2a134d0ff9400dc80362d1c20f0721088ffffdfc205b/greenlet-3.5.6-cp315-cp315t-win_amd64.whl", hash = "sha256:2ab5f42ac6c238eb71770715e6e909ad9a1a92b6c681ccb64cd5a0f07edb953f", size = 331845, upload-time = "2026-09-14T14:27:41.723Z" },
    { url = "https://files.pythonhosted.org/packages/30/cf/697c051fd534e223461fb8b523890e21a24eeca229cd50624cff6f02fabd/greenlet-3.5.6-cp315-cp315t-win_arm64.whl", hash = "sha256:f9fe868463ec7e1363733af77e38a5fda3e9b63940337048c945d69e0c80ff24", size = 315070, upload-time = "2026-09-14T14:22:21.476Z" },
]

[[package]]
name = "sqlalchemy"
version = "1.4.54"
source = { registry = "https://pypi.org/simple" }
dependencies = [
    { name = "greenlet", marker = "platform_machine == 'AMD64' or platform_machine == 'WIN32' or platform_machine == 'aarch64' or platform_machine == 'amd64' or platform_machine == 'ppc64le' or platform_machine == 'win32' or platform_machine == 'x86_64'" },
]
sdist = { url = "https://files.pythonhosted.org/packages/ce/af/20290b55d469e873cba9d41c0206ab5461ff49d759989b3fe65010f9d265/sqlalchemy-1.4.54.tar.gz", hash = "sha256:4470fbed088c35dc20b78a39aaf4ae54fe81790c783b3264872a0224f437c31a", size = 8470350, upload-time = "2024-09-05T15:54:10.398Z" }
wheels = [
    { url = "https://files.pythonhosted.org/packages/a5/1b/aa9b99be95d1615f058b5827447c18505b7b3f1dfcbd6ce1b331c2107152/SQLAlchemy-1.4.54-cp312-cp312-macosx_10_9_universal2.whl", hash = "sha256:3f01c2629a7d6b30d8afe0326b8c649b74825a0e1ebdcb01e8ffd1c920deb07d", size = 1589983, upload-time = "2024-09-05T17:39:02.132Z" },
    { url = "https://files.pythonhosted.org/packages/59/47/cb0fc64e5344f0a3d02216796c342525ab283f8f052d1c31a1d487d08aa0/SQLAlchemy-1.4.54-cp312-cp312-manylinux_2_17_aarch64.manylinux2014_aarch64.whl", hash = "sha256:9c24dd161c06992ed16c5e528a75878edbaeced5660c3db88c820f1f0d3fe1f4", size = 1630158, upload-time = "2024-09-05T17:50:13.255Z" },
    { url = "https://files.pythonhosted.org/packages/c0/8b/f45dd378f6c97e8ff9332ff3d03ecb0b8c491be5bb7a698783b5a2f358ec/SQLAlchemy-1.4.54-cp312-cp312-manylinux_2_5_x86_64.manylinux1_x86_64.manylinux_2_17_x86_64.manylinux2014_x86_64.whl", hash = "sha256:b5e0d47d619c739bdc636bbe007da4519fc953393304a5943e0b5aec96c9877c", size = 1629232, upload-time = "2024-09-05T17:48:15.514Z" },
    { url = "https://files.pythonhosted.org/packages/0d/3c/884fe389f5bec86a310b81e79abaa1e26e5d78dc10a84d544a6822833e47/SQLAlchemy-1.4.54-cp312-cp312-win32.whl", hash = "sha256:12bc0141b245918b80d9d17eca94663dbd3f5266ac77a0be60750f36102bbb0f", size = 1592027, upload-time = "2024-09-05T17:54:02.253Z" },
    { url = "https://files.pythonhosted.org/packages/01/c3/c690d037be57efd3a69cde16a2ef1bd2a905dafe869434d33836de0983d0/SQLAlchemy-1.4.54-cp312-cp312-win_amd64.whl", hash = "sha256:f941aaf15f47f316123e1933f9ea91a6efda73a161a6ab6046d1cde37be62c88", size = 1593827, upload-time = "2024-09-05T17:52:07.454Z" },
]

[[package]]
name = "tzdata"
version = "2026.4"
source = { registry = "https://pypi.org/simple" }
sdist = { url = "https://files.pythonhosted.org/packages/e4/31/3d74fa778a63b98b7374323befcc0be5ab3bd94afd4096a0124e7379152c/tzdata-2026.4.tar.gz", hash = "sha256:f1b8bd365d8d210c55353f4d7f8d6d8561c0ba50d704b700d195a9424bba0d79", size = 199350, upload-time = "2026-09-12T12:56:03.251Z" }
wheels = [
    { url = "https://files.pythonhosted.org/packages/f9/bc/8737e8d54cf51106118039b83f485a4783112fab49ea9d044b234978a46e/tzdata-2026.4-py2.py3-none-any.whl", hash = "sha256:c2169a8b0a7a5e9674da5a135ccdfb2b3e671b333ed9fed17b41f73c34476e81", size = 347494, upload-time = "2026-09-12T12:56:01.67Z" },
]
